Microsoft Visual Studio Solution File, Format Version 12.00
# Visual Studio Version 17
VisualStudioVersion = 17.5.2.0
MinimumVisualStudioVersion = 10.0.40219.1
Project("{FAE04EC0-301F-11D3-BF4B-00C04F79EFBC}") = "PokemonStatsExporter", "PokemonStatsExporter.csproj", "{FB3B34C0-4C54-C404-2B56-0050DE7EF373}"
EndProject
Global
	GlobalSection(SolutionConfigurationPlatforms) = preSolution
		Debug|Any CPU = Debug|Any CPU
		Release|Any CPU = Release|Any CPU
	EndGlobalSection
	GlobalSection(ProjectConfigurationPlatforms) = postSolution
		{FB3B34C0-4C54-C404-2B56-0050DE7EF373}.Debug|Any CPU.ActiveCfg = Debug|Any CPU
		{FB3B34C0-4C54-C404-2B56-0050DE7EF373}.Debug|Any CPU.Build.0 = Debug|Any CPU
		{FB3B34C0-4C54-C404-2B56-0050DE7EF373}.Release|Any CPU.ActiveCfg = Release|Any CPU
		{FB3B34C0-4C54-C404-2B56-0050DE7EF373}.Release|Any CPU.Build.0 = Release|Any CPU
	EndGlobalSection
	GlobalSection(SolutionProperties) = preSolution
		HideSolutionNode = FALSE
	EndGlobalSection
	GlobalSection(ExtensibilityGlobals) = postSolution
		SolutionGuid = {CDE6DF11-3AB5-4723-B2B6-B09EF4E46C14}
	EndGlobalSection
EndGlobal
